<?xml version="1.0" encoding="UTF-8" standalone="yes" ?>
<CodeBlocks_project_file>
	<FileVersion major="1" minor="6" />
	<Project>
		<Option title="lib_demo" />
		<Option pch_mode="2" />
		<Option compiler="pi32v2_r3_lto_compiler" />
		<Build>
			<Target title="Release">
				<Option output="../../../cpu/wl82/liba/_demo" prefix_auto="1" extension_auto="1" />
				<Option working_dir="" />
				<Option object_output="obj/Release/" />
				<Option type="2" />
				<Option compiler="pi32v2_r3_lto_compiler" />
				<Option createDefFile="1" />
				<Compiler>
					<Add option="-O2" />
					<Add option="-D_POSIX_SOURCE" />
					<Add option="-D_SYS_SELECT_H" />
					<Add option="-DCONFIG_FREE_RTOS_ENABLE" />
					<Add option="-DUSE_RTOS" />
				</Compiler>
				<Linker>
					<Add option="-s" />
				</Linker>
			</Target>
		</Build>
		<Compiler>
			<Add option="-Wall" />
		</Compiler>
		<Unit filename="lib_example.c">
			<Option compilerVar="CC" />
		</Unit>
		<Unit filename="lib_example.h" />
		<Extensions>
			<lib_finder disable_auto="1" />
		</Extensions>
	</Project>
</CodeBlocks_project_file>
